
Microsoft Visual Studio Solution File, Format Version 12.00
# Visual Studio Version 17
VisualStudioVersion = 17.13.35825.156 d17.13
MinimumVisualStudioVersion = 10.0.40219.1
Project("{F184B08F-C81C-45F6-A57F-5ABD9991F28F}") = "WindowsApp_CRUD", "WindowsApp_CRUD.vbproj", "{1E187FB5-EFDA-4FBE-B8FD-2A0773088E90}"
EndProject
Global
	GlobalSection(SolutionConfigurationPlatforms) = preSolution
		Debug|Any CPU = Debug|Any CPU
		Release|Any CPU = Release|Any CPU
	EndGlobalSection
	GlobalSection(ProjectConfigurationPlatforms) = postSolution
		{1E187FB5-EFDA-4FBE-B8FD-2A0773088E90}.Debug|Any CPU.ActiveCfg = Debug|Any CPU
		{1E187FB5-EFDA-4FBE-B8FD-2A0773088E90}.Debug|Any CPU.Build.0 = Debug|Any CPU
		{1E187FB5-EFDA-4FBE-B8FD-2A0773088E90}.Release|Any CPU.ActiveCfg = Release|Any CPU
		{1E187FB5-EFDA-4FBE-B8FD-2A0773088E90}.Release|Any CPU.Build.0 = Release|Any CPU
	EndGlobalSection
	GlobalSection(SolutionProperties) = preSolution
		HideSolutionNode = FALSE
	EndGlobalSection
	GlobalSection(ExtensibilityGlobals) = postSolution
		SolutionGuid = {421D990F-6C36-48A2-8312-6A85640A1AD0}
	EndGlobalSection
EndGlobal
